
Microsoft Visual Studio Solution File, Format Version 12.00
# Visual Studio Version 17
VisualStudioVersion = 17.0.31912.275
MinimumVisualStudioVersion = 10.0.40219.1
Project("{9A19103F-16F7-4668-BE54-9A1E7A4F7556}") = "Predictly-Api", "Predictly-Api\Predictly-Api.csproj", "{099C6637-A48D-402B-8C70-31982179AAF9}"
EndProject
Project("{9A19103F-16F7-4668-BE54-9A1E7A4F7556}") = "Predictly-Test", "Predictly-Test\Predictly-Test.csproj", "{FFE5E86C-AB62-4090-8BE8-FEBDDBE74B54}"
EndProject
Global
	GlobalSection(SolutionConfigurationPlatforms) = preSolution
		Debug|Any CPU = Debug|Any CPU
		Release|Any CPU = Release|Any CPU
	EndGlobalSection
	GlobalSection(ProjectConfigurationPlatforms) = postSolution
		{099C6637-A48D-402B-8C70-31982179AAF9}.Debug|Any CPU.ActiveCfg = Debug|Any CPU
		{099C6637-A48D-402B-8C70-31982179AAF9}.Debug|Any CPU.Build.0 = Debug|Any CPU
		{099C6637-A48D-402B-8C70-31982179AAF9}.Release|Any CPU.ActiveCfg = Release|Any CPU
		{099C6637-A48D-402B-8C70-31982179AAF9}.Release|Any CPU.Build.0 = Release|Any CPU
		{FFE5E86C-AB62-4090-8BE8-FEBDDBE74B54}.Debug|Any CPU.ActiveCfg = Debug|Any CPU
		{FFE5E86C-AB62-4090-8BE8-FEBDDBE74B54}.Debug|Any CPU.Build.0 = Debug|Any CPU
		{FFE5E86C-AB62-4090-8BE8-FEBDDBE74B54}.Release|Any CPU.ActiveCfg = Release|Any CPU
		{FFE5E86C-AB62-4090-8BE8-FEBDDBE74B54}.Release|Any CPU.Build.0 = Release|Any CPU
	EndGlobalSection
	GlobalSection(SolutionProperties) = preSolution
		HideSolutionNode = FALSE
	EndGlobalSection
	GlobalSection(ExtensibilityGlobals) = postSolution
		SolutionGuid = {558684FB-4F2B-4B74-B92B-FDF4AA8EBE26}
	EndGlobalSection
EndGlobal
